Microsoft Visual Studio Solution File, Format Version 11.00
# Visual Studio 2010
Project("{E1800031-9EE1-41F2-BA63-92595E679284}") = "pastemyst", ".dub/pastemyst.visualdproj", "{4A1D4A60-29DA-40E7-9050-745DA0474426}"
	ProjectSection(ProjectDependencies) = postProject
		{D40EAADE-8A4B-4FB6-ABA8-0D6E54E6A990} = {D40EAADE-8A4B-4FB6-ABA8-0D6E54E6A990}
		{774F0A3F-662A-485E-8667-EB201A2D44EC} = {774F0A3F-662A-485E-8667-EB201A2D44EC}
		{3FD29843-292E-46CF-B2D3-B97733CE951B} = {3FD29843-292E-46CF-B2D3-B97733CE951B}
		{4E3AE3B2-F22F-4E5E-9A6C-A8BFB80F9CFC} = {4E3AE3B2-F22F-4E5E-9A6C-A8BFB80F9CFC}
		{79A57D14-3F2F-4AAF-A554-379E4E8A8021} = {79A57D14-3F2F-4AAF-A554-379E4E8A8021}
		{1E175358-171C-4683-9D76-3E4062972964} = {1E175358-171C-4683-9D76-3E4062972964}
		{BB9C8874-3F57-48B2-B76B-0F57F9AB88F5} = {BB9C8874-3F57-48B2-B76B-0F57F9AB88F5}
		{71167716-DDBC-4AE6-A8A1-8773740D5869} = {71167716-DDBC-4AE6-A8A1-8773740D5869}
		{E7C42938-20A5-4C95-B516-4BB7EDA54538} = {E7C42938-20A5-4C95-B516-4BB7EDA54538}
		{0D220869-2494-4369-98CD-14F548460F6C} = {0D220869-2494-4369-98CD-14F548460F6C}
		{0D220869-2494-4369-98CD-14F548460F6C} = {0D220869-2494-4369-98CD-14F548460F6C}
		{8428F5A5-E864-47C8-BA95-D1ED36499DFC} = {8428F5A5-E864-47C8-BA95-D1ED36499DFC}
		{86609E8E-7B41-40D0-BD57-FE192AF3B53C} = {86609E8E-7B41-40D0-BD57-FE192AF3B53C}
		{2069D72E-7252-4F9E-9C85-1FFA07512D15} = {2069D72E-7252-4F9E-9C85-1FFA07512D15}
		{A2F828F3-D827-4FF9-AE61-6EB20E019EAD} = {A2F828F3-D827-4FF9-AE61-6EB20E019EAD}
		{3626DC9E-BFCC-4FA4-9C6E-0BD183D1C3B7} = {3626DC9E-BFCC-4FA4-9C6E-0BD183D1C3B7}
		{34C3B59B-DFF9-47BE-9FC7-230368B893DE} = {34C3B59B-DFF9-47BE-9FC7-230368B893DE}
		{49F7BEE4-7EB1-4402-9002-7DE6A3E39CC3} = {49F7BEE4-7EB1-4402-9002-7DE6A3E39CC3}
		{80F1C6A4-EFDB-4508-8D1B-50376C811BC7} = {80F1C6A4-EFDB-4508-8D1B-50376C811BC7}
		{EDC0ACEC-FBFF-4BE2-8E95-CC04E6ABA132} = {EDC0ACEC-FBFF-4BE2-8E95-CC04E6ABA132}
		{A52B4945-2C15-4472-BE68-B8586A355CB6} = {A52B4945-2C15-4472-BE68-B8586A355CB6}
		{57F1640B-F087-43BF-9B6F-8829F6B21FBF} = {57F1640B-F087-43BF-9B6F-8829F6B21FBF}
		{06049503-89BF-442D-BA8F-A3F038422291} = {06049503-89BF-442D-BA8F-A3F038422291}
		{BC3AA6C6-19D6-466D-92C4-8FD639542F95} = {BC3AA6C6-19D6-466D-92C4-8FD639542F95}
		{BC3AA6C6-19D6-466D-92C4-8FD639542F95} = {BC3AA6C6-19D6-466D-92C4-8FD639542F95}
		{C7383E8F-83AB-4A57-8E4F-4E311166E369} = {C7383E8F-83AB-4A57-8E4F-4E311166E369}
		{39B09F7D-9F7E-4D8A-A20A-F28F70EB6CD7} = {39B09F7D-9F7E-4D8A-A20A-F28F70EB6CD7}
		{146D9AAC-4BE7-4496-A50D-43C8B6101423} = {146D9AAC-4BE7-4496-A50D-43C8B6101423}
		{CE26486D-F5DF-4A3E-9B8C-15E3CCA5BBD6} = {CE26486D-F5DF-4A3E-9B8C-15E3CCA5BBD6}
		{FBDC9C66-AA61-4536-8E10-AAA0E028CDBB} = {FBDC9C66-AA61-4536-8E10-AAA0E028CDBB}
		{E9859704-475C-4C70-82A9-69C282291724} = {E9859704-475C-4C70-82A9-69C282291724}
		{4EF02027-D027-41B5-A024-7C6F37CCEFD0} = {4EF02027-D027-41B5-A024-7C6F37CCEFD0}
		{4EF02027-D027-41B5-A024-7C6F37CCEFD0} = {4EF02027-D027-41B5-A024-7C6F37CCEFD0}
		{4EF02027-D027-41B5-A024-7C6F37CCEFD0} = {4EF02027-D027-41B5-A024-7C6F37CCEFD0}
		{200D0F92-AA31-48CF-ADC0-41A3E8A56AA8} = {200D0F92-AA31-48CF-ADC0-41A3E8A56AA8}
	EndProjectSection
EndProject
Project("{E1800031-9EE1-41F2-BA63-92595E679284}") = "commonmark-d", ".dub/commonmark-d.visualdproj", "{D40EAADE-8A4B-4FB6-ABA8-0D6E54E6A990}"
EndProject
Project("{E1800031-9EE1-41F2-BA63-92595E679284}") = "diet-ng", ".dub/diet-ng.visualdproj", "{EDC0ACEC-FBFF-4BE2-8E95-CC04E6ABA132}"
EndProject
Project("{E1800031-9EE1-41F2-BA63-92595E679284}") = "dshould", ".dub/dshould.visualdproj", "{774F0A3F-662A-485E-8667-EB201A2D44EC}"
EndProject
Project("{E1800031-9EE1-41F2-BA63-92595E679284}") = "unit-threaded", ".dub/unit-threaded.visualdproj", "{3FD29843-292E-46CF-B2D3-B97733CE951B}"
EndProject
Project("{E1800031-9EE1-41F2-BA63-92595E679284}") = "unit-threaded:assertions", ".dub/unit-threaded_assertions.visualdproj", "{1E175358-171C-4683-9D76-3E4062972964}"
EndProject
Project("{E1800031-9EE1-41F2-BA63-92595E679284}") = "unit-threaded:exception", ".dub/unit-threaded_exception.visualdproj", "{E7C42938-20A5-4C95-B516-4BB7EDA54538}"
EndProject
Project("{E1800031-9EE1-41F2-BA63-92595E679284}") = "unit-threaded:from", ".dub/unit-threaded_from.visualdproj", "{0D220869-2494-4369-98CD-14F548460F6C}"
EndProject
Project("{E1800031-9EE1-41F2-BA63-92595E679284}") = "unit-threaded:integration", ".dub/unit-threaded_integration.visualdproj", "{4E3AE3B2-F22F-4E5E-9A6C-A8BFB80F9CFC}"
EndProject
Project("{E1800031-9EE1-41F2-BA63-92595E679284}") = "unit-threaded:mocks", ".dub/unit-threaded_mocks.visualdproj", "{79A57D14-3F2F-4AAF-A554-379E4E8A8021}"
EndProject
Project("{E1800031-9EE1-41F2-BA63-92595E679284}") = "unit-threaded:property", ".dub/unit-threaded_property.visualdproj", "{BB9C8874-3F57-48B2-B76B-0F57F9AB88F5}"
EndProject
Project("{E1800031-9EE1-41F2-BA63-92595E679284}") = "unit-threaded:runner", ".dub/unit-threaded_runner.visualdproj", "{71167716-DDBC-4AE6-A8A1-8773740D5869}"
EndProject
Project("{E1800031-9EE1-41F2-BA63-92595E679284}") = "dyaml", ".dub/dyaml.visualdproj", "{8428F5A5-E864-47C8-BA95-D1ED36499DFC}"
EndProject
Project("{E1800031-9EE1-41F2-BA63-92595E679284}") = "tinyendian", ".dub/tinyendian.visualdproj", "{86609E8E-7B41-40D0-BD57-FE192AF3B53C}"
EndProject
Project("{E1800031-9EE1-41F2-BA63-92595E679284}") = "vibe-d", ".dub/vibe-d.visualdproj", "{2069D72E-7252-4F9E-9C85-1FFA07512D15}"
EndProject
Project("{E1800031-9EE1-41F2-BA63-92595E679284}") = "vibe-core", ".dub/vibe-core.visualdproj", "{146D9AAC-4BE7-4496-A50D-43C8B6101423}"
EndProject
Project("{E1800031-9EE1-41F2-BA63-92595E679284}") = "eventcore", ".dub/eventcore.visualdproj", "{CE26486D-F5DF-4A3E-9B8C-15E3CCA5BBD6}"
EndProject
Project("{E1800031-9EE1-41F2-BA63-92595E679284}") = "taggedalgebraic", ".dub/taggedalgebraic.visualdproj", "{FBDC9C66-AA61-4536-8E10-AAA0E028CDBB}"
EndProject
Project("{E1800031-9EE1-41F2-BA63-92595E679284}") = "stdx-allocator", ".dub/stdx-allocator.visualdproj", "{200D0F92-AA31-48CF-ADC0-41A3E8A56AA8}"
EndProject
Project("{E1800031-9EE1-41F2-BA63-92595E679284}") = "vibe-d:data", ".dub/vibe-d_data.visualdproj", "{E9859704-475C-4C70-82A9-69C282291724}"
EndProject
Project("{E1800031-9EE1-41F2-BA63-92595E679284}") = "vibe-d:utils", ".dub/vibe-d_utils.visualdproj", "{4EF02027-D027-41B5-A024-7C6F37CCEFD0}"
EndProject
Project("{E1800031-9EE1-41F2-BA63-92595E679284}") = "vibe-d:crypto", ".dub/vibe-d_crypto.visualdproj", "{A52B4945-2C15-4472-BE68-B8586A355CB6}"
EndProject
Project("{E1800031-9EE1-41F2-BA63-92595E679284}") = "mir-linux-kernel", ".dub/mir-linux-kernel.visualdproj", "{57F1640B-F087-43BF-9B6F-8829F6B21FBF}"
EndProject
Project("{E1800031-9EE1-41F2-BA63-92595E679284}") = "vibe-d:http", ".dub/vibe-d_http.visualdproj", "{80F1C6A4-EFDB-4508-8D1B-50376C811BC7}"
EndProject
Project("{E1800031-9EE1-41F2-BA63-92595E679284}") = "vibe-d:inet", ".dub/vibe-d_inet.visualdproj", "{06049503-89BF-442D-BA8F-A3F038422291}"
EndProject
Project("{E1800031-9EE1-41F2-BA63-92595E679284}") = "vibe-d:stream", ".dub/vibe-d_stream.visualdproj", "{39B09F7D-9F7E-4D8A-A20A-F28F70EB6CD7}"
EndProject
Project("{E1800031-9EE1-41F2-BA63-92595E679284}") = "vibe-d:textfilter", ".dub/vibe-d_textfilter.visualdproj", "{BC3AA6C6-19D6-466D-92C4-8FD639542F95}"
EndProject
Project("{E1800031-9EE1-41F2-BA63-92595E679284}") = "vibe-d:tls", ".dub/vibe-d_tls.visualdproj", "{C7383E8F-83AB-4A57-8E4F-4E311166E369}"
EndProject
Project("{E1800031-9EE1-41F2-BA63-92595E679284}") = "vibe-d:mail", ".dub/vibe-d_mail.visualdproj", "{A2F828F3-D827-4FF9-AE61-6EB20E019EAD}"
EndProject
Project("{E1800031-9EE1-41F2-BA63-92595E679284}") = "vibe-d:mongodb", ".dub/vibe-d_mongodb.visualdproj", "{3626DC9E-BFCC-4FA4-9C6E-0BD183D1C3B7}"
EndProject
Project("{E1800031-9EE1-41F2-BA63-92595E679284}") = "vibe-d:redis", ".dub/vibe-d_redis.visualdproj", "{34C3B59B-DFF9-47BE-9FC7-230368B893DE}"
EndProject
Project("{E1800031-9EE1-41F2-BA63-92595E679284}") = "vibe-d:web", ".dub/vibe-d_web.visualdproj", "{49F7BEE4-7EB1-4402-9002-7DE6A3E39CC3}"
EndProject
Global
	GlobalSection(SolutionConfigurationPlatforms) = preSolution
		debug|x64 = debug|x64
	EndGlobalSection
	GlobalSection(ProjectConfigurationPlatforms) = postSolution
		{79A57D14-3F2F-4AAF-A554-379E4E8A8021}.debug|x64.ActiveCfg = debug|x64
		{79A57D14-3F2F-4AAF-A554-379E4E8A8021}.debug|x64.Build.0 = debug|x64
		{FBDC9C66-AA61-4536-8E10-AAA0E028CDBB}.debug|x64.ActiveCfg = debug|x64
		{FBDC9C66-AA61-4536-8E10-AAA0E028CDBB}.debug|x64.Build.0 = debug|x64
		{A2F828F3-D827-4FF9-AE61-6EB20E019EAD}.debug|x64.ActiveCfg = debug|x64
		{A2F828F3-D827-4FF9-AE61-6EB20E019EAD}.debug|x64.Build.0 = debug|x64
		{A52B4945-2C15-4472-BE68-B8586A355CB6}.debug|x64.ActiveCfg = debug|x64
		{A52B4945-2C15-4472-BE68-B8586A355CB6}.debug|x64.Build.0 = debug|x64
		{71167716-DDBC-4AE6-A8A1-8773740D5869}.debug|x64.ActiveCfg = debug|x64
		{71167716-DDBC-4AE6-A8A1-8773740D5869}.debug|x64.Build.0 = debug|x64
		{80F1C6A4-EFDB-4508-8D1B-50376C811BC7}.debug|x64.ActiveCfg = debug|x64
		{80F1C6A4-EFDB-4508-8D1B-50376C811BC7}.debug|x64.Build.0 = debug|x64
		{0D220869-2494-4369-98CD-14F548460F6C}.debug|x64.ActiveCfg = debug|x64
		{0D220869-2494-4369-98CD-14F548460F6C}.debug|x64.Build.0 = debug|x64
		{CE26486D-F5DF-4A3E-9B8C-15E3CCA5BBD6}.debug|x64.ActiveCfg = debug|x64
		{CE26486D-F5DF-4A3E-9B8C-15E3CCA5BBD6}.debug|x64.Build.0 = debug|x64
		{86609E8E-7B41-40D0-BD57-FE192AF3B53C}.debug|x64.ActiveCfg = debug|x64
		{86609E8E-7B41-40D0-BD57-FE192AF3B53C}.debug|x64.Build.0 = debug|x64
		{39B09F7D-9F7E-4D8A-A20A-F28F70EB6CD7}.debug|x64.ActiveCfg = debug|x64
		{39B09F7D-9F7E-4D8A-A20A-F28F70EB6CD7}.debug|x64.Build.0 = debug|x64
		{49F7BEE4-7EB1-4402-9002-7DE6A3E39CC3}.debug|x64.ActiveCfg = debug|x64
		{49F7BEE4-7EB1-4402-9002-7DE6A3E39CC3}.debug|x64.Build.0 = debug|x64
		{2069D72E-7252-4F9E-9C85-1FFA07512D15}.debug|x64.ActiveCfg = debug|x64
		{2069D72E-7252-4F9E-9C85-1FFA07512D15}.debug|x64.Build.0 = debug|x64
		{C7383E8F-83AB-4A57-8E4F-4E311166E369}.debug|x64.ActiveCfg = debug|x64
		{C7383E8F-83AB-4A57-8E4F-4E311166E369}.debug|x64.Build.0 = debug|x64
		{34C3B59B-DFF9-47BE-9FC7-230368B893DE}.debug|x64.ActiveCfg = debug|x64
		{34C3B59B-DFF9-47BE-9FC7-230368B893DE}.debug|x64.Build.0 = debug|x64
		{774F0A3F-662A-485E-8667-EB201A2D44EC}.debug|x64.ActiveCfg = debug|x64
		{774F0A3F-662A-485E-8667-EB201A2D44EC}.debug|x64.Build.0 = debug|x64
		{E9859704-475C-4C70-82A9-69C282291724}.debug|x64.ActiveCfg = debug|x64
		{E9859704-475C-4C70-82A9-69C282291724}.debug|x64.Build.0 = debug|x64
		{4EF02027-D027-41B5-A024-7C6F37CCEFD0}.debug|x64.ActiveCfg = debug|x64
		{4EF02027-D027-41B5-A024-7C6F37CCEFD0}.debug|x64.Build.0 = debug|x64
		{146D9AAC-4BE7-4496-A50D-43C8B6101423}.debug|x64.ActiveCfg = debug|x64
		{146D9AAC-4BE7-4496-A50D-43C8B6101423}.debug|x64.Build.0 = debug|x64
		{1E175358-171C-4683-9D76-3E4062972964}.debug|x64.ActiveCfg = debug|x64
		{1E175358-171C-4683-9D76-3E4062972964}.debug|x64.Build.0 = debug|x64
		{BC3AA6C6-19D6-466D-92C4-8FD639542F95}.debug|x64.ActiveCfg = debug|x64
		{BC3AA6C6-19D6-466D-92C4-8FD639542F95}.debug|x64.Build.0 = debug|x64
		{4A1D4A60-29DA-40E7-9050-745DA0474426}.debug|x64.ActiveCfg = debug|x64
		{4A1D4A60-29DA-40E7-9050-745DA0474426}.debug|x64.Build.0 = debug|x64
		{D40EAADE-8A4B-4FB6-ABA8-0D6E54E6A990}.debug|x64.ActiveCfg = debug|x64
		{D40EAADE-8A4B-4FB6-ABA8-0D6E54E6A990}.debug|x64.Build.0 = debug|x64
		{3626DC9E-BFCC-4FA4-9C6E-0BD183D1C3B7}.debug|x64.ActiveCfg = debug|x64
		{3626DC9E-BFCC-4FA4-9C6E-0BD183D1C3B7}.debug|x64.Build.0 = debug|x64
		{EDC0ACEC-FBFF-4BE2-8E95-CC04E6ABA132}.debug|x64.ActiveCfg = debug|x64
		{EDC0ACEC-FBFF-4BE2-8E95-CC04E6ABA132}.debug|x64.Build.0 = debug|x64
		{4E3AE3B2-F22F-4E5E-9A6C-A8BFB80F9CFC}.debug|x64.ActiveCfg = debug|x64
		{4E3AE3B2-F22F-4E5E-9A6C-A8BFB80F9CFC}.debug|x64.Build.0 = debug|x64
		{E7C42938-20A5-4C95-B516-4BB7EDA54538}.debug|x64.ActiveCfg = debug|x64
		{E7C42938-20A5-4C95-B516-4BB7EDA54538}.debug|x64.Build.0 = debug|x64
		{3FD29843-292E-46CF-B2D3-B97733CE951B}.debug|x64.ActiveCfg = debug|x64
		{3FD29843-292E-46CF-B2D3-B97733CE951B}.debug|x64.Build.0 = debug|x64
		{BB9C8874-3F57-48B2-B76B-0F57F9AB88F5}.debug|x64.ActiveCfg = debug|x64
		{BB9C8874-3F57-48B2-B76B-0F57F9AB88F5}.debug|x64.Build.0 = debug|x64
		{200D0F92-AA31-48CF-ADC0-41A3E8A56AA8}.debug|x64.ActiveCfg = debug|x64
		{200D0F92-AA31-48CF-ADC0-41A3E8A56AA8}.debug|x64.Build.0 = debug|x64
		{06049503-89BF-442D-BA8F-A3F038422291}.debug|x64.ActiveCfg = debug|x64
		{06049503-89BF-442D-BA8F-A3F038422291}.debug|x64.Build.0 = debug|x64
		{8428F5A5-E864-47C8-BA95-D1ED36499DFC}.debug|x64.ActiveCfg = debug|x64
		{8428F5A5-E864-47C8-BA95-D1ED36499DFC}.debug|x64.Build.0 = debug|x64
		{57F1640B-F087-43BF-9B6F-8829F6B21FBF}.debug|x64.ActiveCfg = debug|x64
		{57F1640B-F087-43BF-9B6F-8829F6B21FBF}.debug|x64.Build.0 = debug|x64
	EndGlobalSection
	GlobalSection(SolutionProperties) = preSolution
		HideSolutionNode = FALSE
	EndGlobalSection
EndGlobal
